
Microsoft Visual Studio Solution File, Format Version 12.00
# Visual Studio Version 17
VisualStudioVersion = 17.0.31903.59
MinimumVisualStudioVersion = 10.0.40219.1
Project("{FAE04EC0-301F-11D3-BF4B-00C04F79EFBC}") = "ERPBackend.API", "ERPBackend.API\ERPBackend.API.csproj", "{4471C9BA-CD18-496B-B92B-C78D5332EF3C}"
EndProject
Project("{FAE04EC0-301F-11D3-BF4B-00C04F79EFBC}") = "ERPBackend.Core", "ERPBackend.Core\ERPBackend.Core.csproj", "{0BA970B3-2EEE-4EE0-B4F5-EE6DDAB6860C}"
EndProject
Project("{FAE04EC0-301F-11D3-BF4B-00C04F79EFBC}") = "ERPBackend.Infrastructure", "ERPBackend.Infrastructure\ERPBackend.Infrastructure.csproj", "{2DCB591E-30C3-458E-AD42-E4C909639167}"
EndProject
Project("{FAE04EC0-301F-11D3-BF4B-00C04F79EFBC}") = "ERPBackend.Services", "ERPBackend.Services\ERPBackend.Services.csproj", "{997FBF6C-69AA-4B37-9D10-97A471FF3E7D}"
EndProject
Global
	GlobalSection(SolutionConfigurationPlatforms) = preSolution
		Debug|Any CPU = Debug|Any CPU
		Debug|x64 = Debug|x64
		Debug|x86 = Debug|x86
		Release|Any CPU = Release|Any CPU
		Release|x64 = Release|x64
		Release|x86 = Release|x86
	EndGlobalSection
	GlobalSection(ProjectConfigurationPlatforms) = postSolution
		{4471C9BA-CD18-496B-B92B-C78D5332EF3C}.Debug|Any CPU.ActiveCfg = Debug|Any CPU
		{4471C9BA-CD18-496B-B92B-C78D5332EF3C}.Debug|Any CPU.Build.0 = Debug|Any CPU
		{4471C9BA-CD18-496B-B92B-C78D5332EF3C}.Debug|x64.ActiveCfg = Debug|Any CPU
		{4471C9BA-CD18-496B-B92B-C78D5332EF3C}.Debug|x64.Build.0 = Debug|Any CPU
		{4471C9BA-CD18-496B-B92B-C78D5332EF3C}.Debug|x86.ActiveCfg = Debug|Any CPU
		{4471C9BA-CD18-496B-B92B-C78D5332EF3C}.Debug|x86.Build.0 = Debug|Any CPU
		{4471C9BA-CD18-496B-B92B-C78D5332EF3C}.Release|Any CPU.ActiveCfg = Release|Any CPU
		{4471C9BA-CD18-496B-B92B-C78D5332EF3C}.Release|Any CPU.Build.0 = Release|Any CPU
		{4471C9BA-CD18-496B-B92B-C78D5332EF3C}.Release|x64.ActiveCfg = Release|Any CPU
		{4471C9BA-CD18-496B-B92B-C78D5332EF3C}.Release|x64.Build.0 = Release|Any CPU
		{4471C9BA-CD18-496B-B92B-C78D5332EF3C}.Release|x86.ActiveCfg = Release|Any CPU
		{4471C9BA-CD18-496B-B92B-C78D5332EF3C}.Release|x86.Build.0 = Release|Any CPU
		{0BA970B3-2EEE-4EE0-B4F5-EE6DDAB6860C}.Debug|Any CPU.ActiveCfg = Debug|Any CPU
		{0BA970B3-2EEE-4EE0-B4F5-EE6DDAB6860C}.Debug|Any CPU.Build.0 = Debug|Any CPU
		{0BA970B3-2EEE-4EE0-B4F5-EE6DDAB6860C}.Debug|x64.ActiveCfg = Debug|Any CPU
		{0BA970B3-2EEE-4EE0-B4F5-EE6DDAB6860C}.Debug|x64.Build.0 = Debug|Any CPU
		{0BA970B3-2EEE-4EE0-B4F5-EE6DDAB6860C}.Debug|x86.ActiveCfg = Debug|Any CPU
		{0BA970B3-2EEE-4EE0-B4F5-EE6DDAB6860C}.Debug|x86.Build.0 = Debug|Any CPU
		{0BA970B3-2EEE-4EE0-B4F5-EE6DDAB6860C}.Release|Any CPU.ActiveCfg = Release|Any CPU
		{0BA970B3-2EEE-4EE0-B4F5-EE6DDAB6860C}.Release|Any CPU.Build.0 = Release|Any CPU
		{0BA970B3-2EEE-4EE0-B4F5-EE6DDAB6860C}.Release|x64.ActiveCfg = Release|Any CPU
		{0BA970B3-2EEE-4EE0-B4F5-EE6DDAB6860C}.Release|x64.Build.0 = Release|Any CPU
		{0BA970B3-2EEE-4EE0-B4F5-EE6DDAB6860C}.Release|x86.ActiveCfg = Release|Any CPU
		{0BA970B3-2EEE-4EE0-B4F5-EE6DDAB6860C}.Release|x86.Build.0 = Release|Any CPU
		{2DCB591E-30C3-458E-AD42-E4C909639167}.Debug|Any CPU.ActiveCfg = Debug|Any CPU
		{2DCB591E-30C3-458E-AD42-E4C909639167}.Debug|Any CPU.Build.0 = Debug|Any CPU
		{2DCB591E-30C3-458E-AD42-E4C909639167}.Debug|x64.ActiveCfg = Debug|Any CPU
		{2DCB591E-30C3-458E-AD42-E4C909639167}.Debug|x64.Build.0 = Debug|Any CPU
		{2DCB591E-30C3-458E-AD42-E4C909639167}.Debug|x86.ActiveCfg = Debug|Any CPU
		{2DCB591E-30C3-458E-AD42-E4C909639167}.Debug|x86.Build.0 = Debug|Any CPU
		{2DCB591E-30C3-458E-AD42-E4C909639167}.Release|Any CPU.ActiveCfg = Release|Any CPU
		{2DCB591E-30C3-458E-AD42-E4C909639167}.Release|Any CPU.Build.0 = Release|Any CPU
		{2DCB591E-30C3-458E-AD42-E4C909639167}.Release|x64.ActiveCfg = Release|Any CPU
		{2DCB591E-30C3-458E-AD42-E4C909639167}.Release|x64.Build.0 = Release|Any CPU
		{2DCB591E-30C3-458E-AD42-E4C909639167}.Release|x86.ActiveCfg = Release|Any CPU
		{2DCB591E-30C3-458E-AD42-E4C909639167}.Release|x86.Build.0 = Release|Any CPU
		{997FBF6C-69AA-4B37-9D10-97A471FF3E7D}.Debug|Any CPU.ActiveCfg = Debug|Any CPU
		{997FBF6C-69AA-4B37-9D10-97A471FF3E7D}.Debug|Any CPU.Build.0 = Debug|Any CPU
		{997FBF6C-69AA-4B37-9D10-97A471FF3E7D}.Debug|x64.ActiveCfg = Debug|Any CPU
		{997FBF6C-69AA-4B37-9D10-97A471FF3E7D}.Debug|x64.Build.0 = Debug|Any CPU
		{997FBF6C-69AA-4B37-9D10-97A471FF3E7D}.Debug|x86.ActiveCfg = Debug|Any CPU
		{997FBF6C-69AA-4B37-9D10-97A471FF3E7D}.Debug|x86.Build.0 = Debug|Any CPU
		{997FBF6C-69AA-4B37-9D10-97A471FF3E7D}.Release|Any CPU.ActiveCfg = Release|Any CPU
		{997FBF6C-69AA-4B37-9D10-97A471FF3E7D}.Release|Any CPU.Build.0 = Release|Any CPU
		{997FBF6C-69AA-4B37-9D10-97A471FF3E7D}.Release|x64.ActiveCfg = Release|Any CPU
		{997FBF6C-69AA-4B37-9D10-97A471FF3E7D}.Release|x64.Build.0 = Release|Any CPU
		{997FBF6C-69AA-4B37-9D10-97A471FF3E7D}.Release|x86.ActiveCfg = Release|Any CPU
		{997FBF6C-69AA-4B37-9D10-97A471FF3E7D}.Release|x86.Build.0 = Release|Any CPU
	EndGlobalSection
	GlobalSection(SolutionProperties) = preSolution
		HideSolutionNode = FALSE
	EndGlobalSection
EndGlobal
